
Microsoft Visual Studio Solution File, Format Version 12.00
# Visual Studio Version 16
VisualStudioVersion = 16.0.30002.166
MinimumVisualStudioVersion = 10.0.40219.1
Project("{FAE04EC0-301F-11D3-BF4B-00C04F79EFBC}") = "ConsoleApp1", "ConsoleApp1\ConsoleApp1.csproj", "{66279C56-8359-431B-B0FD-378BF34D0ADD}"
EndProject
Global
	GlobalSection(SolutionConfigurationPlatforms) = preSolution
		Debug|Any CPU = Debug|Any CPU
		Release|Any CPU = Release|Any CPU
	EndGlobalSection
	GlobalSection(ProjectConfigurationPlatforms) = postSolution
		{66279C56-8359-431B-B0FD-378BF34D0ADD}.Debug|Any CPU.ActiveCfg = Debug|Any CPU
		{66279C56-8359-431B-B0FD-378BF34D0ADD}.Debug|Any CPU.Build.0 = Debug|Any CPU
		{66279C56-8359-431B-B0FD-378BF34D0ADD}.Release|Any CPU.ActiveCfg = Release|Any CPU
		{66279C56-8359-431B-B0FD-378BF34D0ADD}.Release|Any CPU.Build.0 = Release|Any CPU
	EndGlobalSection
	GlobalSection(SolutionProperties) = preSolution
		HideSolutionNode = FALSE
	EndGlobalSection
	GlobalSection(ExtensibilityGlobals) = postSolution
		SolutionGuid = {8F0DBD64-F035-489B-8E1D-6F5A45884B10}
	EndGlobalSection
EndGlobal
